{\n  "name": "SpecialAgentName",\n  "version": "1.0.0",\n  "lockfileVersion": 2,\n  "dependencies": {\n    "react": "19.2.4",\n    "react-dom": "19.2.4",\n    "@google/genai": "1.41.0",\n    "@vitejs/plugin-react": "5.0.0",\n    "typescript": "5.8.2",\n    "vite": "6.2.0",\n    "@types/node": "22.14.0"\n  }\n}
